// !$*UTF8*$!
{
	archiveVersion = 1;
	classes = {
	};
	objectVersion = 46;
	objects = {

/* Begin PBXBuildFile section */
		AE8CE27E16021EFA005FC587 /* Cocoa.framework in Frameworks */ = {isa = PBXBuildFile; fileRef = AE8CE27D16021EFA005FC587 /* Cocoa.framework */; };
		AE8CE28816021EFA005FC587 /* InfoPlist.strings in Resources */ = {isa = PBXBuildFile; fileRef = AE8CE28616021EFA005FC587 /* InfoPlist.strings */; };
		AE8CE28A16021EFA005FC587 /* main.m in Sources */ = {isa = PBXBuildFile; fileRef = AE8CE28916021EFA005FC587 /* main.m */; };
		AE8CE28E16021EFA005FC587 /* Credits.rtf in Resources */ = {isa = PBXBuildFile; fileRef = AE8CE28C16021EFA005FC587 /* Credits.rtf */; };
		AE8CE29116021EFA005FC587 /* AppDelegate.m in Sources */ = {isa = PBXBuildFile; fileRef = AE8CE29016021EFA005FC587 /* AppDelegate.m */; };
		AE8CE29416021EFA005FC587 /* MainMenu.xib in Resources */ = {isa = PBXBuildFile; fileRef = AE8CE29216021EFA005FC587 /* MainMenu.xib */; };
		AE8CE2E6160220CD005FC587 /* FIGLView.m in Sources */ = {isa = PBXBuildFile; fileRef = AE8CE2B5160220CD005FC587 /* FIGLView.m */; };
		AE8CE2E7160220CD005FC587 /* FIOpenGLView.m in Sources */ = {isa = PBXBuildFile; fileRef = AE8CE2B8160220CD005FC587 /* FIOpenGLView.m */; };
		AE8CE2E8160220CD005FC587 /* Edge.m in Sources */ = {isa = PBXBuildFile; fileRef = AE8CE2BB160220CD005FC587 /* Edge.m */; };
		AE8CE2E9160220CD005FC587 /* Graph.m in Sources */ = {isa = PBXBuildFile; fileRef = AE8CE2BD160220CD005FC587 /* Graph.m */; };
		AE8CE2EA160220CD005FC587 /* GraphMain.m in Sources */ = {isa = PBXBuildFile; fileRef = AE8CE2BF160220CD005FC587 /* GraphMain.m */; };
		AE8CE2EB160220CD005FC587 /* Node.m in Sources */ = {isa = PBXBuildFile; fileRef = AE8CE2C1160220CD005FC587 /* Node.m */; };
		AE8CE2EC160220CD005FC587 /* TestBouncyBalls.m in Sources */ = {isa = PBXBuildFile; fileRef = AE8CE2C4160220CD005FC587 /* TestBouncyBalls.m */; };
		AE8CE2ED160220CD005FC587 /* TestObject.m in Sources */ = {isa = PBXBuildFile; fileRef = AE8CE2C6160220CD005FC587 /* TestObject.m */; };
		AE8CE2EE160220CD005FC587 /* TestSimplePendulum.m in Sources */ = {isa = PBXBuildFile; fileRef = AE8CE2C8160220CD005FC587 /* TestSimplePendulum.m */; };
		AE8CE2EF160220CD005FC587 /* TestTraerAnimation.m in Sources */ = {isa = PBXBuildFile; fileRef = AE8CE2CA160220CD005FC587 /* TestTraerAnimation.m */; };
		AE8CE2F0160220CD005FC587 /* TAnimator.m in Sources */ = {isa = PBXBuildFile; fileRef = AE8CE2CD160220CD005FC587 /* TAnimator.m */; };
		AE8CE2F1160220CD005FC587 /* TSmoother.m in Sources */ = {isa = PBXBuildFile; fileRef = AE8CE2CF160220CD005FC587 /* TSmoother.m */; };
		AE8CE2F2160220CD005FC587 /* TSmoother2D.m in Sources */ = {isa = PBXBuildFile; fileRef = AE8CE2D1160220CD005FC587 /* TSmoother2D.m */; };
		AE8CE2F3160220CD005FC587 /* TSmoother3D.m in Sources */ = {isa = PBXBuildFile; fileRef = AE8CE2D3160220CD005FC587 /* TSmoother3D.m */; };
		AE8CE2F4160220CD005FC587 /* TAttraction.m in Sources */ = {isa = PBXBuildFile; fileRef = AE8CE2D7160220CD005FC587 /* TAttraction.m */; };
		AE8CE2F5160220CD005FC587 /* TEulerIntegrator.m in Sources */ = {isa = PBXBuildFile; fileRef = AE8CE2D9160220CD005FC587 /* TEulerIntegrator.m */; };
		AE8CE2F6160220CD005FC587 /* TModifiedEulerIntegrator.m in Sources */ = {isa = PBXBuildFile; fileRef = AE8CE2DD160220CD005FC587 /* TModifiedEulerIntegrator.m */; };
		AE8CE2F7160220CD005FC587 /* TParticle.m in Sources */ = {isa = PBXBuildFile; fileRef = AE8CE2DF160220CD005FC587 /* TParticle.m */; };
		AE8CE2F8160220CD005FC587 /* TParticleSystem.m in Sources */ = {isa = PBXBuildFile; fileRef = AE8CE2E1160220CD005FC587 /* TParticleSystem.m */; };
		AE8CE2F9160220CD005FC587 /* TRungeKuttaIntegrator.m in Sources */ = {isa = PBXBuildFile; fileRef = AE8CE2E3160220CD005FC587 /* TRungeKuttaIntegrator.m */; };
		AE8CE2FA160220CD005FC587 /* TSpring.m in Sources */ = {isa = PBXBuildFile; fileRef = AE8CE2E5160220CD005FC587 /* TSpring.m */; };
		AE8CE2FC1602213F005FC587 /* OpenGL.framework in Frameworks */ = {isa = PBXBuildFile; fileRef = AE8CE2FB1602213F005FC587 /* OpenGL.framework */; };
		AE8CE311160229C9005FC587 /* Cocoa.framework in Frameworks */ = {isa = PBXBuildFile; fileRef = AE8CE27D16021EFA005FC587 /* Cocoa.framework */; };
		AE8CE317160229CA005FC587 /* TraerPhysics.m in Sources */ = {isa = PBXBuildFile; fileRef = AE8CE316160229CA005FC587 /* TraerPhysics.m */; };
		AE8CE31C160229D6005FC587 /* TAttraction.h in Headers */ = {isa = PBXBuildFile; fileRef = AE8CE2D6160220CD005FC587 /* TAttraction.h */; };
		AE8CE31D160229D6005FC587 /* TAttraction.m in Sources */ = {isa = PBXBuildFile; fileRef = AE8CE2D7160220CD005FC587 /* TAttraction.m */; };
		AE8CE31E160229D6005FC587 /* TEulerIntegrator.h in Headers */ = {isa = PBXBuildFile; fileRef = AE8CE2D8160220CD005FC587 /* TEulerIntegrator.h */; };
		AE8CE31F160229D6005FC587 /* TEulerIntegrator.m in Sources */ = {isa = PBXBuildFile; fileRef = AE8CE2D9160220CD005FC587 /* TEulerIntegrator.m */; };
		AE8CE320160229D6005FC587 /* TForce.h in Headers */ = {isa = PBXBuildFile; fileRef = AE8CE2DA160220CD005FC587 /* TForce.h */; };
		AE8CE321160229D6005FC587 /* TIntegrator.h in Headers */ = {isa = PBXBuildFile; fileRef = AE8CE2DB160220CD005FC587 /* TIntegrator.h */; };
		AE8CE322160229D6005FC587 /* TModifiedEulerIntegrator.h in Headers */ = {isa = PBXBuildFile; fileRef = AE8CE2DC160220CD005FC587 /* TModifiedEulerIntegrator.h */; };
		AE8CE323160229D6005FC587 /* TModifiedEulerIntegrator.m in Sources */ = {isa = PBXBuildFile; fileRef = AE8CE2DD160220CD005FC587 /* TModifiedEulerIntegrator.m */; };
		AE8CE324160229D6005FC587 /* TParticle.h in Headers */ = {isa = PBXBuildFile; fileRef = AE8CE2DE160220CD005FC587 /* TParticle.h */; };
		AE8CE325160229D6005FC587 /* TParticle.m in Sources */ = {isa = PBXBuildFile; fileRef = AE8CE2DF160220CD005FC587 /* TParticle.m */; };
		AE8CE326160229D6005FC587 /* TParticleSystem.h in Headers */ = {isa = PBXBuildFile; fileRef = AE8CE2E0160220CD005FC587 /* TParticleSystem.h */; };
		AE8CE327160229D6005FC587 /* TParticleSystem.m in Sources */ = {isa = PBXBuildFile; fileRef = AE8CE2E1160220CD005FC587 /* TParticleSystem.m */; };
		AE8CE328160229D6005FC587 /* TRungeKuttaIntegrator.h in Headers */ = {isa = PBXBuildFile; fileRef = AE8CE2E2160220CD005FC587 /* TRungeKuttaIntegrator.h */; };
		AE8CE329160229D6005FC587 /* TRungeKuttaIntegrator.m in Sources */ = {isa = PBXBuildFile; fileRef = AE8CE2E3160220CD005FC587 /* TRungeKuttaIntegrator.m */; };
		AE8CE32A160229D6005FC587 /* TSpring.h in Headers */ = {isa = PBXBuildFile; fileRef = AE8CE2E4160220CD005FC587 /* TSpring.h */; };
		AE8CE32B160229D6005FC587 /* TSpring.m in Sources */ = {isa = PBXBuildFile; fileRef = AE8CE2E5160220CD005FC587 /* TSpring.m */; };
		AE8CE331160229E6005FC587 /* Cocoa.framework in Frameworks */ = {isa = PBXBuildFile; fileRef = AE8CE27D16021EFA005FC587 /* Cocoa.framework */; };
		AE8CE337160229E6005FC587 /* TraerAnimation.m in Sources */ = {isa = PBXBuildFile; fileRef = AE8CE336160229E6005FC587 /* TraerAnimation.m */; };
		AE8CE33B160229ED005FC587 /* TAnimator.h in Headers */ = {isa = PBXBuildFile; fileRef = AE8CE2CC160220CD005FC587 /* TAnimator.h */; };
		AE8CE33C160229ED005FC587 /* TAnimator.m in Sources */ = {isa = PBXBuildFile; fileRef = AE8CE2CD160220CD005FC587 /* TAnimator.m */; };
		AE8CE33D160229ED005FC587 /* TSmoother.h in Headers */ = {isa = PBXBuildFile; fileRef = AE8CE2CE160220CD005FC587 /* TSmoother.h */; };
		AE8CE33E160229ED005FC587 /* TSmoother.m in Sources */ = {isa = PBXBuildFile; fileRef = AE8CE2CF160220CD005FC587 /* TSmoother.m */; };
		AE8CE33F160229ED005FC587 /* TSmoother2D.h in Headers */ = {isa = PBXBuildFile; fileRef = AE8CE2D0160220CD005FC587 /* TSmoother2D.h */; };
		AE8CE340160229ED005FC587 /* TSmoother2D.m in Sources */ = {isa = PBXBuildFile; fileRef = AE8CE2D1160220CD005FC587 /* TSmoother2D.m */; };
		AE8CE341160229ED005FC587 /* TSmoother3D.h in Headers */ = {isa = PBXBuildFile; fileRef = AE8CE2D2160220CD005FC587 /* TSmoother3D.h */; };
		AE8CE342160229ED005FC587 /* TSmoother3D.m in Sources */ = {isa = PBXBuildFile; fileRef = AE8CE2D3160220CD005FC587 /* TSmoother3D.m */; };
		AE8CE343160229ED005FC587 /* TTickable.h in Headers */ = {isa = PBXBuildFile; fileRef = AE8CE2D4160220CD005FC587 /* TTickable.h */; };
/* End PBXBuildFile section */

/* Begin PBXFileReference section */
		AE8CE27916021EFA005FC587 /* TraerLib.app */ = {isa = PBXFileReference; explicitFileType = wrapper.application; includeInIndex = 0; path = TraerLib.app; sourceTree = BUILT_PRODUCTS_DIR; };
		AE8CE27D16021EFA005FC587 /* Cocoa.framework */ = {isa = PBXFileReference; lastKnownFileType = wrapper.framework; name = Cocoa.framework; path = System/Library/Frameworks/Cocoa.framework; sourceTree = SDKROOT; };
		AE8CE28016021EFA005FC587 /* AppKit.framework */ = {isa = PBXFileReference; lastKnownFileType = wrapper.framework; name = AppKit.framework; path = System/Library/Frameworks/AppKit.framework; sourceTree = SDKROOT; };
		AE8CE28116021EFA005FC587 /* CoreData.framework */ = {isa = PBXFileReference; lastKnownFileType = wrapper.framework; name = CoreData.framework; path = System/Library/Frameworks/CoreData.framework; sourceTree = SDKROOT; };
		AE8CE28216021EFA005FC587 /* Foundation.framework */ = {isa = PBXFileReference; lastKnownFileType = wrapper.framework; name = Foundation.framework; path = System/Library/Frameworks/Foundation.framework; sourceTree = SDKROOT; };
		AE8CE28516021EFA005FC587 /* TraerLib-Info.plist */ = {isa = PBXFileReference; lastKnownFileType = text.plist.xml; path = "TraerLib-Info.plist"; sourceTree = "<group>"; };
		AE8CE28716021EFA005FC587 /* en */ = {isa = PBXFileReference; lastKnownFileType = text.plist.strings; name = en; path = en.lproj/InfoPlist.strings; sourceTree = "<group>"; };
		AE8CE28916021EFA005FC587 /* main.m */ = {isa = PBXFileReference; lastKnownFileType = sourcecode.c.objc; path = main.m; sourceTree = "<group>"; };
		AE8CE28B16021EFA005FC587 /* TraerLib-Prefix.pch */ = {isa = PBXFileReference; lastKnownFileType = sourcecode.c.h; path = "TraerLib-Prefix.pch"; sourceTree = "<group>"; };
		AE8CE28D16021EFA005FC587 /* en */ = {isa = PBXFileReference; lastKnownFileType = text.rtf; name = en; path = en.lproj/Credits.rtf; sourceTree = "<group>"; };
		AE8CE28F16021EFA005FC587 /* AppDelegate.h */ = {isa = PBXFileReference; lastKnownFileType = sourcecode.c.h; path = AppDelegate.h; sourceTree = "<group>"; };
		AE8CE29016021EFA005FC587 /* AppDelegate.m */ = {isa = PBXFileReference; lastKnownFileType = sourcecode.c.objc; path = AppDelegate.m; sourceTree = "<group>"; };
		AE8CE29316021EFA005FC587 /* en */ = {isa = PBXFileReference; lastKnownFileType = file.xib; name = en; path = en.lproj/MainMenu.xib; sourceTree = "<group>"; };
		AE8CE2B3160220CD005FC587 /* FIGLUtils.h */ = {isa = PBXFileReference; fileEncoding = 4; lastKnownFileType = sourcecode.c.h; path = FIGLUtils.h; sourceTree = "<group>"; };
		AE8CE2B4160220CD005FC587 /* FIGLView.h */ = {isa = PBXFileReference; fileEncoding = 4; lastKnownFileType = sourcecode.c.h; name = FIGLView.h; path = src/Fi/FIGLView.h; sourceTree = "<group>"; };
		AE8CE2B5160220CD005FC587 /* FIGLView.m */ = {isa = PBXFileReference; fileEncoding = 4; lastKnownFileType = sourcecode.c.objc; name = FIGLView.m; path = src/Fi/FIGLView.m; sourceTree = "<group>"; };
		AE8CE2B6160220CD005FC587 /* FIMath.h */ = {isa = PBXFileReference; fileEncoding = 4; lastKnownFileType = sourcecode.c.h; path = FIMath.h; sourceTree = "<group>"; };
		AE8CE2B7160220CD005FC587 /* FIOpenGLView.h */ = {isa = PBXFileReference; fileEncoding = 4; lastKnownFileType = sourcecode.c.h; path = FIOpenGLView.h; sourceTree = "<group>"; };
		AE8CE2B8160220CD005FC587 /* FIOpenGLView.m */ = {isa = PBXFileReference; fileEncoding = 4; lastKnownFileType = sourcecode.c.objc; path = FIOpenGLView.m; sourceTree = "<group>"; };
		AE8CE2BA160220CD005FC587 /* Edge.h */ = {isa = PBXFileReference; fileEncoding = 4; lastKnownFileType = sourcecode.c.h; path = Edge.h; sourceTree = "<group>"; };
		AE8CE2BB160220CD005FC587 /* Edge.m */ = {isa = PBXFileReference; fileEncoding = 4; lastKnownFileType = sourcecode.c.objc; path = Edge.m; sourceTree = "<group>"; };
		AE8CE2BC160220CD005FC587 /* Graph.h */ = {isa = PBXFileReference; fileEncoding = 4; lastKnownFileType = sourcecode.c.h; path = Graph.h; sourceTree = "<group>"; };
		AE8CE2BD160220CD005FC587 /* Graph.m */ = {isa = PBXFileReference; fileEncoding = 4; lastKnownFileType = sourcecode.c.objc; path = Graph.m; sourceTree = "<group>"; };
		AE8CE2BE160220CD005FC587 /* GraphMain.h */ = {isa = PBXFileReference; fileEncoding = 4; lastKnownFileType = sourcecode.c.h; path = GraphMain.h; sourceTree = "<group>"; };
		AE8CE2BF160220CD005FC587 /* GraphMain.m */ = {isa = PBXFileReference; fileEncoding = 4; lastKnownFileType = sourcecode.c.objc; path = GraphMain.m; sourceTree = "<group>"; };
		AE8CE2C0160220CD005FC587 /* Node.h */ = {isa = PBXFileReference; fileEncoding = 4; lastKnownFileType = sourcecode.c.h; path = Node.h; sourceTree = "<group>"; };
		AE8CE2C1160220CD005FC587 /* Node.m */ = {isa = PBXFileReference; fileEncoding = 4; lastKnownFileType = sourcecode.c.objc; path = Node.m; sourceTree = "<group>"; };
		AE8CE2C2160220CD005FC587 /* Testable.h */ = {isa = PBXFileReference; fileEncoding = 4; lastKnownFileType = sourcecode.c.h; path = Testable.h; sourceTree = "<group>"; };
		AE8CE2C3160220CD005FC587 /* TestBouncyBalls.h */ = {isa = PBXFileReference; fileEncoding = 4; lastKnownFileType = sourcecode.c.h; path = TestBouncyBalls.h; sourceTree = "<group>"; };
		AE8CE2C4160220CD005FC587 /* TestBouncyBalls.m */ = {isa = PBXFileReference; fileEncoding = 4; lastKnownFileType = sourcecode.c.objc; path = TestBouncyBalls.m; sourceTree = "<group>"; };
		AE8CE2C5160220CD005FC587 /* TestObject.h */ = {isa = PBXFileReference; fileEncoding = 4; lastKnownFileType = sourcecode.c.h; path = TestObject.h; sourceTree = "<group>"; };
		AE8CE2C6160220CD005FC587 /* TestObject.m */ = {isa = PBXFileReference; fileEncoding = 4; lastKnownFileType = sourcecode.c.objc; path = TestObject.m; sourceTree = "<group>"; };
		AE8CE2C7160220CD005FC587 /* TestSimplePendulum.h */ = {isa = PBXFileReference; fileEncoding = 4; lastKnownFileType = sourcecode.c.h; path = TestSimplePendulum.h; sourceTree = "<group>"; };
		AE8CE2C8160220CD005FC587 /* TestSimplePendulum.m */ = {isa = PBXFileReference; fileEncoding = 4; lastKnownFileType = sourcecode.c.objc; path = TestSimplePendulum.m; sourceTree = "<group>"; };
		AE8CE2C9160220CD005FC587 /* TestTraerAnimation.h */ = {isa = PBXFileReference; fileEncoding = 4; lastKnownFileType = sourcecode.c.h; path = TestTraerAnimation.h; sourceTree = "<group>"; };
		AE8CE2CA160220CD005FC587 /* TestTraerAnimation.m */ = {isa = PBXFileReference; fileEncoding = 4; lastKnownFileType = sourcecode.c.objc; path = TestTraerAnimation.m; sourceTree = "<group>"; };
		AE8CE2CC160220CD005FC587 /* TAnimator.h */ = {isa = PBXFileReference; fileEncoding = 4; lastKnownFileType = sourcecode.c.h; path = TAnimator.h; sourceTree = "<group>"; };
		AE8CE2CD160220CD005FC587 /* TAnimator.m */ = {isa = PBXFileReference; fileEncoding = 4; lastKnownFileType = sourcecode.c.objc; path = TAnimator.m; sourceTree = "<group>"; };
		AE8CE2CE160220CD005FC587 /* TSmoother.h */ = {isa = PBXFileReference; fileEncoding = 4; lastKnownFileType = sourcecode.c.h; path = TSmoother.h; sourceTree = "<group>"; };
		AE8CE2CF160220CD005FC587 /* TSmoother.m */ = {isa = PBXFileReference; fileEncoding = 4; lastKnownFileType = sourcecode.c.objc; path = TSmoother.m; sourceTree = "<group>"; };
		AE8CE2D0160220CD005FC587 /* TSmoother2D.h */ = {isa = PBXFileReference; fileEncoding = 4; lastKnownFileType = sourcecode.c.h; path = TSmoother2D.h; sourceTree = "<group>"; };
		AE8CE2D1160220CD005FC587 /* TSmoother2D.m */ = {isa = PBXFileReference; fileEncoding = 4; lastKnownFileType = sourcecode.c.objc; path = TSmoother2D.m; sourceTree = "<group>"; };
		AE8CE2D2160220CD005FC587 /* TSmoother3D.h */ = {isa = PBXFileReference; fileEncoding = 4; lastKnownFileType = sourcecode.c.h; path = TSmoother3D.h; sourceTree = "<group>"; };
		AE8CE2D3160220CD005FC587 /* TSmoother3D.m */ = {isa = PBXFileReference; fileEncoding = 4; lastKnownFileType = sourcecode.c.objc; path = TSmoother3D.m; sourceTree = "<group>"; };
		AE8CE2D4160220CD005FC587 /* TTickable.h */ = {isa = PBXFileReference; fileEncoding = 4; lastKnownFileType = sourcecode.c.h; path = TTickable.h; sourceTree = "<group>"; };
		AE8CE2D6160220CD005FC587 /* TAttraction.h */ = {isa = PBXFileReference; fileEncoding = 4; lastKnownFileType = sourcecode.c.h; path = TAttraction.h; sourceTree = "<group>"; };
		AE8CE2D7160220CD005FC587 /* TAttraction.m */ = {isa = PBXFileReference; fileEncoding = 4; lastKnownFileType = sourcecode.c.objc; path = TAttraction.m; sourceTree = "<group>"; };
		AE8CE2D8160220CD005FC587 /* TEulerIntegrator.h */ = {isa = PBXFileReference; fileEncoding = 4; lastKnownFileType = sourcecode.c.h; path = TEulerIntegrator.h; sourceTree = "<group>"; };
		AE8CE2D9160220CD005FC587 /* TEulerIntegrator.m */ = {isa = PBXFileReference; fileEncoding = 4; lastKnownFileType = sourcecode.c.objc; path = TEulerIntegrator.m; sourceTree = "<group>"; };
		AE8CE2DA160220CD005FC587 /* TForce.h */ = {isa = PBXFileReference; fileEncoding = 4; lastKnownFileType = sourcecode.c.h; path = TForce.h; sourceTree = "<group>"; };
		AE8CE2DB160220CD005FC587 /* TIntegrator.h */ = {isa = PBXFileReference; fileEncoding = 4; lastKnownFileType = sourcecode.c.h; path = TIntegrator.h; sourceTree = "<group>"; };
		AE8CE2DC160220CD005FC587 /* TModifiedEulerIntegrator.h */ = {isa = PBXFileReference; fileEncoding = 4; lastKnownFileType = sourcecode.c.h; path = TModifiedEulerIntegrator.h; sourceTree = "<group>"; };
		AE8CE2DD160220CD005FC587 /* TModifiedEulerIntegrator.m */ = {isa = PBXFileReference; fileEncoding = 4; lastKnownFileType = sourcecode.c.objc; path = TModifiedEulerIntegrator.m; sourceTree = "<group>"; };
		AE8CE2DE160220CD005FC587 /* TParticle.h */ = {isa = PBXFileReference; fileEncoding = 4; lastKnownFileType = sourcecode.c.h; path = TParticle.h; sourceTree = "<group>"; };
		AE8CE2DF160220CD005FC587 /* TParticle.m */ = {isa = PBXFileReference; fileEncoding = 4; lastKnownFileType = sourcecode.c.objc; path = TParticle.m; sourceTree = "<group>"; };
		AE8CE2E0160220CD005FC587 /* TParticleSystem.h */ = {isa = PBXFileReference; fileEncoding = 4; lastKnownFileType = sourcecode.c.h; path = TParticleSystem.h; sourceTree = "<group>"; };
		AE8CE2E1160220CD005FC587 /* TParticleSystem.m */ = {isa = PBXFileReference; fileEncoding = 4; lastKnownFileType = sourcecode.c.objc; path = TParticleSystem.m; sourceTree = "<group>"; };
		AE8CE2E2160220CD005FC587 /* TRungeKuttaIntegrator.h */ = {isa = PBXFileReference; fileEncoding = 4; lastKnownFileType = sourcecode.c.h; path = TRungeKuttaIntegrator.h; sourceTree = "<group>"; };
		AE8CE2E3160220CD005FC587 /* TRungeKuttaIntegrator.m */ = {isa = PBXFileReference; fileEncoding = 4; lastKnownFileType = sourcecode.c.objc; path = TRungeKuttaIntegrator.m; sourceTree = "<group>"; };
		AE8CE2E4160220CD005FC587 /* TSpring.h */ = {isa = PBXFileReference; fileEncoding = 4; lastKnownFileType = sourcecode.c.h; path = TSpring.h; sourceTree = "<group>"; };
		AE8CE2E5160220CD005FC587 /* TSpring.m */ = {isa = PBXFileReference; fileEncoding = 4; lastKnownFileType = sourcecode.c.objc; path = TSpring.m; sourceTree = "<group>"; };
		AE8CE2FB1602213F005FC587 /* OpenGL.framework */ = {isa = PBXFileReference; lastKnownFileType = wrapper.framework; name = OpenGL.framework; path = System/Library/Frameworks/OpenGL.framework; sourceTree = SDKROOT; };
		AE8CE310160229C9005FC587 /* libTraerPhysics.a */ = {isa = PBXFileReference; explicitFileType = archive.ar; includeInIndex = 0; path = libTraerPhysics.a; sourceTree = BUILT_PRODUCTS_DIR; };
		AE8CE314160229C9005FC587 /* TraerPhysics-Prefix.pch */ = {isa = PBXFileReference; lastKnownFileType = sourcecode.c.h; path = "TraerPhysics-Prefix.pch"; sourceTree = "<group>"; };
		AE8CE315160229CA005FC587 /* TraerPhysics.h */ = {isa = PBXFileReference; lastKnownFileType = sourcecode.c.h; path = TraerPhysics.h; sourceTree = "<group>"; };
		AE8CE316160229CA005FC587 /* TraerPhysics.m */ = {isa = PBXFileReference; lastKnownFileType = sourcecode.c.objc; path = TraerPhysics.m; sourceTree = "<group>"; };
		AE8CE330160229E6005FC587 /* libTraerAnimation.a */ = {isa = PBXFileReference; explicitFileType = archive.ar; includeInIndex = 0; path = libTraerAnimation.a; sourceTree = BUILT_PRODUCTS_DIR; };
		AE8CE334160229E6005FC587 /* TraerAnimation-Prefix.pch */ = {isa = PBXFileReference; lastKnownFileType = sourcecode.c.h; path = "TraerAnimation-Prefix.pch"; sourceTree = "<group>"; };
		AE8CE335160229E6005FC587 /* TraerAnimation.h */ = {isa = PBXFileReference; lastKnownFileType = sourcecode.c.h; path = TraerAnimation.h; sourceTree = "<group>"; };
		AE8CE336160229E6005FC587 /* TraerAnimation.m */ = {isa = PBXFileReference; lastKnownFileType = sourcecode.c.objc; path = TraerAnimation.m; sourceTree = "<group>"; };
/* End PBXFileReference section */

/* Begin PBXFrameworksBuildPhase section */
		AE8CE27616021EFA005FC587 /* Frameworks */ = {
			isa = PBXFrameworksBuildPhase;
			buildActionMask = 2147483647;
			files = (
				AE8CE2FC1602213F005FC587 /* OpenGL.framework in Frameworks */,
				AE8CE27E16021EFA005FC587 /* Cocoa.framework in Frameworks */,
			);
			runOnlyForDeploymentPostprocessing = 0;
		};
		AE8CE30D160229C9005FC587 /* Frameworks */ = {
			isa = PBXFrameworksBuildPhase;
			buildActionMask = 2147483647;
			files = (
				AE8CE311160229C9005FC587 /* Cocoa.framework in Frameworks */,
			);
			runOnlyForDeploymentPostprocessing = 0;
		};
		AE8CE32D160229E6005FC587 /* Frameworks */ = {
			isa = PBXFrameworksBuildPhase;
			buildActionMask = 2147483647;
			files = (
				AE8CE331160229E6005FC587 /* Cocoa.framework in Frameworks */,
			);
			runOnlyForDeploymentPostprocessing = 0;
		};
/* End PBXFrameworksBuildPhase section */

/* Begin PBXGroup section */
		AE8CE26E16021EFA005FC587 = {
			isa = PBXGroup;
			children = (
				AE8CE28316021EFA005FC587 /* TraerLib */,
				AE8CE312160229C9005FC587 /* TraerPhysics */,
				AE8CE332160229E6005FC587 /* TraerAnimation */,
				AE8CE27C16021EFA005FC587 /* Frameworks */,
				AE8CE27A16021EFA005FC587 /* Products */,
			);
			sourceTree = "<group>";
		};
		AE8CE27A16021EFA005FC587 /* Products */ = {
			isa = PBXGroup;
			children = (
				AE8CE27916021EFA005FC587 /* TraerLib.app */,
				AE8CE310160229C9005FC587 /* libTraerPhysics.a */,
				AE8CE330160229E6005FC587 /* libTraerAnimation.a */,
			);
			name = Products;
			sourceTree = "<group>";
		};
		AE8CE27C16021EFA005FC587 /* Frameworks */ = {
			isa = PBXGroup;
			children = (
				AE8CE27D16021EFA005FC587 /* Cocoa.framework */,
				AE8CE27F16021EFA005FC587 /* Other Frameworks */,
			);
			name = Frameworks;
			sourceTree = "<group>";
		};
		AE8CE27F16021EFA005FC587 /* Other Frameworks */ = {
			isa = PBXGroup;
			children = (
				AE8CE2FB1602213F005FC587 /* OpenGL.framework */,
				AE8CE28016021EFA005FC587 /* AppKit.framework */,
				AE8CE28116021EFA005FC587 /* CoreData.framework */,
				AE8CE28216021EFA005FC587 /* Foundation.framework */,
			);
			name = "Other Frameworks";
			sourceTree = "<group>";
		};
		AE8CE28316021EFA005FC587 /* TraerLib */ = {
			isa = PBXGroup;
			children = (
				AE8CE2B1160220CD005FC587 /* src */,
				AE8CE2B4160220CD005FC587 /* FIGLView.h */,
				AE8CE2B5160220CD005FC587 /* FIGLView.m */,
				AE8CE28F16021EFA005FC587 /* AppDelegate.h */,
				AE8CE29016021EFA005FC587 /* AppDelegate.m */,
				AE8CE29216021EFA005FC587 /* MainMenu.xib */,
				AE8CE28416021EFA005FC587 /* Supporting Files */,
			);
			path = TraerLib;
			sourceTree = "<group>";
		};
		AE8CE28416021EFA005FC587 /* Supporting Files */ = {
			isa = PBXGroup;
			children = (
				AE8CE28516021EFA005FC587 /* TraerLib-Info.plist */,
				AE8CE28616021EFA005FC587 /* InfoPlist.strings */,
				AE8CE28916021EFA005FC587 /* main.m */,
				AE8CE28B16021EFA005FC587 /* TraerLib-Prefix.pch */,
				AE8CE28C16021EFA005FC587 /* Credits.rtf */,
			);
			name = "Supporting Files";
			sourceTree = "<group>";
		};
		AE8CE2B1160220CD005FC587 /* src */ = {
			isa = PBXGroup;
			children = (
				AE8CE2B2160220CD005FC587 /* Fi */,
				AE8CE2B9160220CD005FC587 /* Tests */,
				AE8CE2CB160220CD005FC587 /* TraerAnimation */,
				AE8CE2D5160220CD005FC587 /* TraerPhysics */,
			);
			path = src;
			sourceTree = "<group>";
		};
		AE8CE2B2160220CD005FC587 /* Fi */ = {
			isa = PBXGroup;
			children = (
				AE8CE2B3160220CD005FC587 /* FIGLUtils.h */,
				AE8CE2B6160220CD005FC587 /* FIMath.h */,
				AE8CE2B7160220CD005FC587 /* FIOpenGLView.h */,
				AE8CE2B8160220CD005FC587 /* FIOpenGLView.m */,
			);
			path = Fi;
			sourceTree = "<group>";
		};
		AE8CE2B9160220CD005FC587 /* Tests */ = {
			isa = PBXGroup;
			children = (
				AE8CE2BA160220CD005FC587 /* Edge.h */,
				AE8CE2BB160220CD005FC587 /* Edge.m */,
				AE8CE2BC160220CD005FC587 /* Graph.h */,
				AE8CE2BD160220CD005FC587 /* Graph.m */,
				AE8CE2BE160220CD005FC587 /* GraphMain.h */,
				AE8CE2BF160220CD005FC587 /* GraphMain.m */,
				AE8CE2C0160220CD005FC587 /* Node.h */,
				AE8CE2C1160220CD005FC587 /* Node.m */,
				AE8CE2C2160220CD005FC587 /* Testable.h */,
				AE8CE2C3160220CD005FC587 /* TestBouncyBalls.h */,
				AE8CE2C4160220CD005FC587 /* TestBouncyBalls.m */,
				AE8CE2C5160220CD005FC587 /* TestObject.h */,
				AE8CE2C6160220CD005FC587 /* TestObject.m */,
				AE8CE2C7160220CD005FC587 /* TestSimplePendulum.h */,
				AE8CE2C8160220CD005FC587 /* TestSimplePendulum.m */,
				AE8CE2C9160220CD005FC587 /* TestTraerAnimation.h */,
				AE8CE2CA160220CD005FC587 /* TestTraerAnimation.m */,
			);
			path = Tests;
			sourceTree = "<group>";
		};
		AE8CE2CB160220CD005FC587 /* TraerAnimation */ = {
			isa = PBXGroup;
			children = (
				AE8CE2CC160220CD005FC587 /* TAnimator.h */,
				AE8CE2CD160220CD005FC587 /* TAnimator.m */,
				AE8CE2CE160220CD005FC587 /* TSmoother.h */,
				AE8CE2CF160220CD005FC587 /* TSmoother.m */,
				AE8CE2D0160220CD005FC587 /* TSmoother2D.h */,
				AE8CE2D1160220CD005FC587 /* TSmoother2D.m */,
				AE8CE2D2160220CD005FC587 /* TSmoother3D.h */,
				AE8CE2D3160220CD005FC587 /* TSmoother3D.m */,
				AE8CE2D4160220CD005FC587 /* TTickable.h */,
			);
			path = TraerAnimation;
			sourceTree = "<group>";
		};
		AE8CE2D5160220CD005FC587 /* TraerPhysics */ = {
			isa = PBXGroup;
			children = (
				AE8CE2D6160220CD005FC587 /* TAttraction.h */,
				AE8CE2D7160220CD005FC587 /* TAttraction.m */,
				AE8CE2D8160220CD005FC587 /* TEulerIntegrator.h */,
				AE8CE2D9160220CD005FC587 /* TEulerIntegrator.m */,
				AE8CE2DA160220CD005FC587 /* TForce.h */,
				AE8CE2DB160220CD005FC587 /* TIntegrator.h */,
				AE8CE2DC160220CD005FC587 /* TModifiedEulerIntegrator.h */,
				AE8CE2DD160220CD005FC587 /* TModifiedEulerIntegrator.m */,
				AE8CE2DE160220CD005FC587 /* TParticle.h */,
				AE8CE2DF160220CD005FC587 /* TParticle.m */,
				AE8CE2E0160220CD005FC587 /* TParticleSystem.h */,
				AE8CE2E1160220CD005FC587 /* TParticleSystem.m */,
				AE8CE2E2160220CD005FC587 /* TRungeKuttaIntegrator.h */,
				AE8CE2E3160220CD005FC587 /* TRungeKuttaIntegrator.m */,
				AE8CE2E4160220CD005FC587 /* TSpring.h */,
				AE8CE2E5160220CD005FC587 /* TSpring.m */,
			);
			path = TraerPhysics;
			sourceTree = "<group>";
		};
		AE8CE312160229C9005FC587 /* TraerPhysics */ = {
			isa = PBXGroup;
			children = (
				AE8CE315160229CA005FC587 /* TraerPhysics.h */,
				AE8CE316160229CA005FC587 /* TraerPhysics.m */,
				AE8CE313160229C9005FC587 /* Supporting Files */,
			);
			path = TraerPhysics;
			sourceTree = "<group>";
		};
		AE8CE313160229C9005FC587 /* Supporting Files */ = {
			isa = PBXGroup;
			children = (
				AE8CE314160229C9005FC587 /* TraerPhysics-Prefix.pch */,
			);
			name = "Supporting Files";
			sourceTree = "<group>";
		};
		AE8CE332160229E6005FC587 /* TraerAnimation */ = {
			isa = PBXGroup;
			children = (
				AE8CE335160229E6005FC587 /* TraerAnimation.h */,
				AE8CE336160229E6005FC587 /* TraerAnimation.m */,
				AE8CE333160229E6005FC587 /* Supporting Files */,
			);
			path = TraerAnimation;
			sourceTree = "<group>";
		};
		AE8CE333160229E6005FC587 /* Supporting Files */ = {
			isa = PBXGroup;
			children = (
				AE8CE334160229E6005FC587 /* TraerAnimation-Prefix.pch */,
			);
			name = "Supporting Files";
			sourceTree = "<group>";
		};
/* End PBXGroup section */

/* Begin PBXHeadersBuildPhase section */
		AE8CE30E160229C9005FC587 /* Headers */ = {
			isa = PBXHeadersBuildPhase;
			buildActionMask = 2147483647;
			files = (
				AE8CE31C160229D6005FC587 /* TAttraction.h in Headers */,
				AE8CE31E160229D6005FC587 /* TEulerIntegrator.h in Headers */,
				AE8CE320160229D6005FC587 /* TForce.h in Headers */,
				AE8CE321160229D6005FC587 /* TIntegrator.h in Headers */,
				AE8CE322160229D6005FC587 /* TModifiedEulerIntegrator.h in Headers */,
				AE8CE324160229D6005FC587 /* TParticle.h in Headers */,
				AE8CE326160229D6005FC587 /* TParticleSystem.h in Headers */,
				AE8CE328160229D6005FC587 /* TRungeKuttaIntegrator.h in Headers */,
				AE8CE32A160229D6005FC587 /* TSpring.h in Headers */,
			);
			runOnlyForDeploymentPostprocessing = 0;
		};
		AE8CE32E160229E6005FC587 /* Headers */ = {
			isa = PBXHeadersBuildPhase;
			buildActionMask = 2147483647;
			files = (
				AE8CE33B160229ED005FC587 /* TAnimator.h in Headers */,
				AE8CE33D160229ED005FC587 /* TSmoother.h in Headers */,
				AE8CE33F160229ED005FC587 /* TSmoother2D.h in Headers */,
				AE8CE341160229ED005FC587 /* TSmoother3D.h in Headers */,
				AE8CE343160229ED005FC587 /* TTickable.h in Headers */,
			);
			runOnlyForDeploymentPostprocessing = 0;
		};
/* End PBXHeadersBuildPhase section */

/* Begin PBXNativeTarget section */
		AE8CE27816021EFA005FC587 /* TraerLib */ = {
			isa = PBXNativeTarget;
			buildConfigurationList = AE8CE29716021EFA005FC587 /* Build configuration list for PBXNativeTarget "TraerLib" */;
			buildPhases = (
				AE8CE27516021EFA005FC587 /* Sources */,
				AE8CE27616021EFA005FC587 /* Frameworks */,
				AE8CE27716021EFA005FC587 /* Resources */,
			);
			buildRules = (
			);
			dependencies = (
			);
			name = TraerLib;
			productName = TraerLib;
			productReference = AE8CE27916021EFA005FC587 /* TraerLib.app */;
			productType = "com.apple.product-type.application";
		};
		AE8CE30F160229C9005FC587 /* TraerPhysics */ = {
			isa = PBXNativeTarget;
			buildConfigurationList = AE8CE318160229CA005FC587 /* Build configuration list for PBXNativeTarget "TraerPhysics" */;
			buildPhases = (
				AE8CE30C160229C9005FC587 /* Sources */,
				AE8CE30D160229C9005FC587 /* Frameworks */,
				AE8CE30E160229C9005FC587 /* Headers */,
			);
			buildRules = (
			);
			dependencies = (
			);
			name = TraerPhysics;
			productName = TraerPhysics;
			productReference = AE8CE310160229C9005FC587 /* libTraerPhysics.a */;
			productType = "com.apple.product-type.library.static";
		};
		AE8CE32F160229E6005FC587 /* TraerAnimation */ = {
			isa = PBXNativeTarget;
			buildConfigurationList = AE8CE338160229E6005FC587 /* Build configuration list for PBXNativeTarget "TraerAnimation" */;
			buildPhases = (
				AE8CE32C160229E6005FC587 /* Sources */,
				AE8CE32D160229E6005FC587 /* Frameworks */,
				AE8CE32E160229E6005FC587 /* Headers */,
			);
			buildRules = (
			);
			dependencies = (
			);
			name = TraerAnimation;
			productName = TraerAnimation;
			productReference = AE8CE330160229E6005FC587 /* libTraerAnimation.a */;
			productType = "com.apple.product-type.library.static";
		};
/* End PBXNativeTarget section */

/* Begin PBXProject section */
		AE8CE27016021EFA005FC587 /* Project object */ = {
			isa = PBXProject;
			attributes = {
				LastUpgradeCheck = 0440;
				ORGANIZATIONNAME = Henryk;
			};
			buildConfigurationList = AE8CE27316021EFA005FC587 /* Build configuration list for PBXProject "TraerLib" */;
			compatibilityVersion = "Xcode 3.2";
			developmentRegion = English;
			hasScannedForEncodings = 0;
			knownRegions = (
				en,
			);
			mainGroup = AE8CE26E16021EFA005FC587;
			productRefGroup = AE8CE27A16021EFA005FC587 /* Products */;
			projectDirPath = "";
			projectRoot = "";
			targets = (
				AE8CE27816021EFA005FC587 /* TraerLib */,
				AE8CE30F160229C9005FC587 /* TraerPhysics */,
				AE8CE32F160229E6005FC587 /* TraerAnimation */,
			);
		};
/* End PBXProject section */

/* Begin PBXResourcesBuildPhase section */
		AE8CE27716021EFA005FC587 /* Resources */ = {
			isa = PBXResourcesBuildPhase;
			buildActionMask = 2147483647;
			files = (
				AE8CE28816021EFA005FC587 /* InfoPlist.strings in Resources */,
				AE8CE28E16021EFA005FC587 /* Credits.rtf in Resources */,
				AE8CE29416021EFA005FC587 /* MainMenu.xib in Resources */,
			);
			runOnlyForDeploymentPostprocessing = 0;
		};
/* End PBXResourcesBuildPhase section */

/* Begin PBXSourcesBuildPhase section */
		AE8CE27516021EFA005FC587 /* Sources */ = {
			isa = PBXSourcesBuildPhase;
			buildActionMask = 2147483647;
			files = (
				AE8CE28A16021EFA005FC587 /* main.m in Sources */,
				AE8CE29116021EFA005FC587 /* AppDelegate.m in Sources */,
				AE8CE2E6160220CD005FC587 /* FIGLView.m in Sources */,
				AE8CE2E7160220CD005FC587 /* FIOpenGLView.m in Sources */,
				AE8CE2E8160220CD005FC587 /* Edge.m in Sources */,
				AE8CE2E9160220CD005FC587 /* Graph.m in Sources */,
				AE8CE2EA160220CD005FC587 /* GraphMain.m in Sources */,
				AE8CE2EB160220CD005FC587 /* Node.m in Sources */,
				AE8CE2EC160220CD005FC587 /* TestBouncyBalls.m in Sources */,
				AE8CE2ED160220CD005FC587 /* TestObject.m in Sources */,
				AE8CE2EE160220CD005FC587 /* TestSimplePendulum.m in Sources */,
				AE8CE2EF160220CD005FC587 /* TestTraerAnimation.m in Sources */,
				AE8CE2F0160220CD005FC587 /* TAnimator.m in Sources */,
				AE8CE2F1160220CD005FC587 /* TSmoother.m in Sources */,
				AE8CE2F2160220CD005FC587 /* TSmoother2D.m in Sources */,
				AE8CE2F3160220CD005FC587 /* TSmoother3D.m in Sources */,
				AE8CE2F4160220CD005FC587 /* TAttraction.m in Sources */,
				AE8CE2F5160220CD005FC587 /* TEulerIntegrator.m in Sources */,
				AE8CE2F6160220CD005FC587 /* TModifiedEulerIntegrator.m in Sources */,
				AE8CE2F7160220CD005FC587 /* TParticle.m in Sources */,
				AE8CE2F8160220CD005FC587 /* TParticleSystem.m in Sources */,
				AE8CE2F9160220CD005FC587 /* TRungeKuttaIntegrator.m in Sources */,
				AE8CE2FA160220CD005FC587 /* TSpring.m in Sources */,
			);
			runOnlyForDeploymentPostprocessing = 0;
		};
		AE8CE30C160229C9005FC587 /* Sources */ = {
			isa = PBXSourcesBuildPhase;
			buildActionMask = 2147483647;
			files = (
				AE8CE317160229CA005FC587 /* TraerPhysics.m in Sources */,
				AE8CE31D160229D6005FC587 /* TAttraction.m in Sources */,
				AE8CE31F160229D6005FC587 /* TEulerIntegrator.m in Sources */,
				AE8CE323160229D6005FC587 /* TModifiedEulerIntegrator.m in Sources */,
				AE8CE325160229D6005FC587 /* TParticle.m in Sources */,
				AE8CE327160229D6005FC587 /* TParticleSystem.m in Sources */,
				AE8CE329160229D6005FC587 /* TRungeKuttaIntegrator.m in Sources */,
				AE8CE32B160229D6005FC587 /* TSpring.m in Sources */,
			);
			runOnlyForDeploymentPostprocessing = 0;
		};
		AE8CE32C160229E6005FC587 /* Sources */ = {
			isa = PBXSourcesBuildPhase;
			buildActionMask = 2147483647;
			files = (
				AE8CE337160229E6005FC587 /* TraerAnimation.m in Sources */,
				AE8CE33C160229ED005FC587 /* TAnimator.m in Sources */,
				AE8CE33E160229ED005FC587 /* TSmoother.m in Sources */,
				AE8CE340160229ED005FC587 /* TSmoother2D.m in Sources */,
				AE8CE342160229ED005FC587 /* TSmoother3D.m in Sources */,
			);
			runOnlyForDeploymentPostprocessing = 0;
		};
/* End PBXSourcesBuildPhase section */

/* Begin PBXVariantGroup section */
		AE8CE28616021EFA005FC587 /* InfoPlist.strings */ = {
			isa = PBXVariantGroup;
			children = (
				AE8CE28716021EFA005FC587 /* en */,
			);
			name = InfoPlist.strings;
			sourceTree = "<group>";
		};
		AE8CE28C16021EFA005FC587 /* Credits.rtf */ = {
			isa = PBXVariantGroup;
			children = (
				AE8CE28D16021EFA005FC587 /* en */,
			);
			name = Credits.rtf;
			sourceTree = "<group>";
		};
		AE8CE29216021EFA005FC587 /* MainMenu.xib */ = {
			isa = PBXVariantGroup;
			children = (
				AE8CE29316021EFA005FC587 /* en */,
			);
			name = MainMenu.xib;
			sourceTree = "<group>";
		};
/* End PBXVariantGroup section */

/* Begin XCBuildConfiguration section */
		AE8CE29516021EFA005FC587 /* Debug */ = {
			isa = XCBuildConfiguration;
			buildSettings = {
				ALWAYS_SEARCH_USER_PATHS = NO;
				ARCHS = "$(ARCHS_STANDARD_64_BIT)";
				CLANG_CXX_LANGUAGE_STANDARD = "gnu++0x";
				CLANG_ENABLE_OBJC_ARC = YES;
				CLANG_WARN__DUPLICATE_METHOD_MATCH = YES;
				COPY_PHASE_STRIP = NO;
				GCC_C_LANGUAGE_STANDARD = gnu99;
				GCC_DYNAMIC_NO_PIC = NO;
				GCC_ENABLE_OBJC_EXCEPTIONS = YES;
				GCC_OPTIMIZATION_LEVEL = 0;
				GCC_PREPROCESSOR_DEFINITIONS = (
					"DEBUG=1",
					"$(inherited)",
				);
				GCC_SYMBOLS_PRIVATE_EXTERN = NO;
				GCC_WARN_64_TO_32_BIT_CONVERSION = YES;
				GCC_WARN_ABOUT_RETURN_TYPE = YES;
				GCC_WARN_UNINITIALIZED_AUTOS = YES;
				GCC_WARN_UNUSED_VARIABLE = YES;
				MACOSX_DEPLOYMENT_TARGET = 10.6;
				ONLY_ACTIVE_ARCH = YES;
				SDKROOT = macosx;
			};
			name = Debug;
		};
		AE8CE29616021EFA005FC587 /* Release */ = {
			isa = XCBuildConfiguration;
			buildSettings = {
				ALWAYS_SEARCH_USER_PATHS = NO;
				ARCHS = "$(ARCHS_STANDARD_64_BIT)";
				CLANG_CXX_LANGUAGE_STANDARD = "gnu++0x";
				CLANG_ENABLE_OBJC_ARC = YES;
				CLANG_WARN__DUPLICATE_METHOD_MATCH = YES;
				COPY_PHASE_STRIP = YES;
				DEBUG_INFORMATION_FORMAT = "dwarf-with-dsym";
				GCC_C_LANGUAGE_STANDARD = gnu99;
				GCC_ENABLE_OBJC_EXCEPTIONS = YES;
				GCC_WARN_64_TO_32_BIT_CONVERSION = YES;
				GCC_WARN_ABOUT_RETURN_TYPE = YES;
				GCC_WARN_UNINITIALIZED_AUTOS = YES;
				GCC_WARN_UNUSED_VARIABLE = YES;
				MACOSX_DEPLOYMENT_TARGET = 10.6;
				SDKROOT = macosx;
			};
			name = Release;
		};
		AE8CE29816021EFA005FC587 /* Debug */ = {
			isa = XCBuildConfiguration;
			buildSettings = {
				COMBINE_HIDPI_IMAGES = YES;
				GCC_PRECOMPILE_PREFIX_HEADER = YES;
				GCC_PREFIX_HEADER = "TraerLib/TraerLib-Prefix.pch";
				INFOPLIST_FILE = "TraerLib/TraerLib-Info.plist";
				MACOSX_DEPLOYMENT_TARGET = 10.6;
				PRODUCT_NAME = "$(TARGET_NAME)";
				WRAPPER_EXTENSION = app;
			};
			name = Debug;
		};
		AE8CE29916021EFA005FC587 /* Release */ = {
			isa = XCBuildConfiguration;
			buildSettings = {
				COMBINE_HIDPI_IMAGES = YES;
				GCC_PRECOMPILE_PREFIX_HEADER = YES;
				GCC_PREFIX_HEADER = "TraerLib/TraerLib-Prefix.pch";
				INFOPLIST_FILE = "TraerLib/TraerLib-Info.plist";
				MACOSX_DEPLOYMENT_TARGET = 10.6;
				PRODUCT_NAME = "$(TARGET_NAME)";
				WRAPPER_EXTENSION = app;
			};
			name = Release;
		};
		AE8CE319160229CA005FC587 /* Debug */ = {
			isa = XCBuildConfiguration;
			buildSettings = {
				GCC_PRECOMPILE_PREFIX_HEADER = YES;
				GCC_PREFIX_HEADER = "TraerPhysics/TraerPhysics-Prefix.pch";
				MACOSX_DEPLOYMENT_TARGET = 10.8;
				PRODUCT_NAME = "$(TARGET_NAME)";
			};
			name = Debug;
		};
		AE8CE31A160229CA005FC587 /* Release */ = {
			isa = XCBuildConfiguration;
			buildSettings = {
				GCC_PRECOMPILE_PREFIX_HEADER = YES;
				GCC_PREFIX_HEADER = "TraerPhysics/TraerPhysics-Prefix.pch";
				MACOSX_DEPLOYMENT_TARGET = 10.8;
				PRODUCT_NAME = "$(TARGET_NAME)";
			};
			name = Release;
		};
		AE8CE339160229E6005FC587 /* Debug */ = {
			isa = XCBuildConfiguration;
			buildSettings = {
				GCC_PRECOMPILE_PREFIX_HEADER = YES;
				GCC_PREFIX_HEADER = "TraerAnimation/TraerAnimation-Prefix.pch";
				MACOSX_DEPLOYMENT_TARGET = 10.8;
				PRODUCT_NAME = "$(TARGET_NAME)";
			};
			name = Debug;
		};
		AE8CE33A160229E6005FC587 /* Release */ = {
			isa = XCBuildConfiguration;
			buildSettings = {
				GCC_PRECOMPILE_PREFIX_HEADER = YES;
				GCC_PREFIX_HEADER = "TraerAnimation/TraerAnimation-Prefix.pch";
				MACOSX_DEPLOYMENT_TARGET = 10.8;
				PRODUCT_NAME = "$(TARGET_NAME)";
			};
			name = Release;
		};
/* End XCBuildConfiguration section */

/* Begin XCConfigurationList section */
		AE8CE27316021EFA005FC587 /* Build configuration list for PBXProject "TraerLib" */ = {
			isa = XCConfigurationList;
			buildConfigurations = (
				AE8CE29516021EFA005FC587 /* Debug */,
				AE8CE29616021EFA005FC587 /* Release */,
			);
			defaultConfigurationIsVisible = 0;
			defaultConfigurationName = Release;
		};
		AE8CE29716021EFA005FC587 /* Build configuration list for PBXNativeTarget "TraerLib" */ = {
			isa = XCConfigurationList;
			buildConfigurations = (
				AE8CE29816021EFA005FC587 /* Debug */,
				AE8CE29916021EFA005FC587 /* Release */,
			);
			defaultConfigurationIsVisible = 0;
		};
		AE8CE318160229CA005FC587 /* Build configuration list for PBXNativeTarget "TraerPhysics" */ = {
			isa = XCConfigurationList;
			buildConfigurations = (
				AE8CE319160229CA005FC587 /* Debug */,
				AE8CE31A160229CA005FC587 /* Release */,
			);
			defaultConfigurationIsVisible = 0;
		};
		AE8CE338160229E6005FC587 /* Build configuration list for PBXNativeTarget "TraerAnimation" */ = {
			isa = XCConfigurationList;
			buildConfigurations = (
				AE8CE339160229E6005FC587 /* Debug */,
				AE8CE33A160229E6005FC587 /* Release */,
			);
			defaultConfigurationIsVisible = 0;
		};
/* End XCConfigurationList section */
	};
	rootObject = AE8CE27016021EFA005FC587 /* Project object */;
}
